// !$*UTF8*$!
{
	archiveVersion = 1;
	classes = {
	};
	objectVersion = 46;
	objects = {

/* Begin PBXBuildFile section */
		EA1C533E1A7B650400B5D30A /* RootC.swift in Sources */ = {isa = PBXBuildFile; fileRef = EA1C533D1A7B650400B5D30A /* RootC.swift */; };
		EA1C53401A7B653B00B5D30A /* UIKit.framework in Frameworks */ = {isa = PBXBuildFile; fileRef = EA1C533F1A7B653B00B5D30A /* UIKit.framework */; };
		EA1C53421A7B766E00B5D30A /* LeftMenuC.swift in Sources */ = {isa = PBXBuildFile; fileRef = EA1C53411A7B766E00B5D30A /* LeftMenuC.swift */; };
		EA1C53461A7B7F7F00B5D30A /* MainC.swift in Sources */ = {isa = PBXBuildFile; fileRef = EA1C53451A7B7F7F00B5D30A /* MainC.swift */; };
		EA1C534A1A7DE90700B5D30A /* MyNavigationC.swift in Sources */ = {isa = PBXBuildFile; fileRef = EA1C53491A7DE90700B5D30A /* MyNavigationC.swift */; };
		EA5D222A1A835EA9006A9E0A /* Main.storyboard in Resources */ = {isa = PBXBuildFile; fileRef = EA5D22291A835EA9006A9E0A /* Main.storyboard */; };
		EAEEA6451A78D9A900AEBEC2 /* AppDelegate.swift in Sources */ = {isa = PBXBuildFile; fileRef = EAEEA6441A78D9A900AEBEC2 /* AppDelegate.swift */; };
		EAEEA6481A78D9A900AEBEC2 /* Plan.xcdatamodeld in Sources */ = {isa = PBXBuildFile; fileRef = EAEEA6461A78D9A900AEBEC2 /* Plan.xcdatamodeld */; };
		EAEEA64F1A78D9A900AEBEC2 /* Images.xcassets in Resources */ = {isa = PBXBuildFile; fileRef = EAEEA64E1A78D9A900AEBEC2 /* Images.xcassets */; };
		EAEEA6521A78D9A900AEBEC2 /* LaunchScreen.xib in Resources */ = {isa = PBXBuildFile; fileRef = EAEEA6501A78D9A900AEBEC2 /* LaunchScreen.xib */; };
		EAEEA65E1A78D9A900AEBEC2 /* PlanTests.swift in Sources */ = {isa = PBXBuildFile; fileRef = EAEEA65D1A78D9A900AEBEC2 /* PlanTests.swift */; };
/* End PBXBuildFile section */

/* Begin PBXContainerItemProxy section */
		EAEEA6581A78D9A900AEBEC2 /* PBXContainerItemProxy */ = {
			isa = PBXContainerItemProxy;
			containerPortal = EAEEA6371A78D9A900AEBEC2 /* Project object */;
			proxyType = 1;
			remoteGlobalIDString = EAEEA63E1A78D9A900AEBEC2;
			remoteInfo = Plan;
		};
/* End PBXContainerItemProxy section */

/* Begin PBXFileReference section */
		EA1C533D1A7B650400B5D30A /* RootC.swift */ = {isa = PBXFileReference; fileEncoding = 4; lastKnownFileType = sourcecode.swift; path = RootC.swift; sourceTree = "<group>"; };
		EA1C533F1A7B653B00B5D30A /* UIKit.framework */ = {isa = PBXFileReference; lastKnownFileType = wrapper.framework; name = UIKit.framework; path = System/Library/Frameworks/UIKit.framework; sourceTree = SDKROOT; };
		EA1C53411A7B766E00B5D30A /* LeftMenuC.swift */ = {isa = PBXFileReference; fileEncoding = 4; lastKnownFileType = sourcecode.swift; path = LeftMenuC.swift; sourceTree = "<group>"; };
		EA1C53451A7B7F7F00B5D30A /* MainC.swift */ = {isa = PBXFileReference; fileEncoding = 4; lastKnownFileType = sourcecode.swift; path = MainC.swift; sourceTree = "<group>"; };
		EA1C53491A7DE90700B5D30A /* MyNavigationC.swift */ = {isa = PBXFileReference; fileEncoding = 4; lastKnownFileType = sourcecode.swift; path = MyNavigationC.swift; sourceTree = "<group>"; };
		EA5D22291A835EA9006A9E0A /* Main.storyboard */ = {isa = PBXFileReference; fileEncoding = 4; lastKnownFileType = file.storyboard; path = Main.storyboard; sourceTree = "<group>"; };
		EAEEA63F1A78D9A900AEBEC2 /* Plan.app */ = {isa = PBXFileReference; explicitFileType = wrapper.application; includeInIndex = 0; path = Plan.app; sourceTree = BUILT_PRODUCTS_DIR; };
		EAEEA6431A78D9A900AEBEC2 /* Info.plist */ = {isa = PBXFileReference; lastKnownFileType = text.plist.xml; path = Info.plist; sourceTree = "<group>"; };
		EAEEA6441A78D9A900AEBEC2 /* AppDelegate.swift */ = {isa = PBXFileReference; lastKnownFileType = sourcecode.swift; path = AppDelegate.swift; sourceTree = "<group>"; };
		EAEEA6471A78D9A900AEBEC2 /* Plan.xcdatamodel */ = {isa = PBXFileReference; lastKnownFileType = wrapper.xcdatamodel; path = Plan.xcdatamodel; sourceTree = "<group>"; };
		EAEEA64E1A78D9A900AEBEC2 /* Images.xcassets */ = {isa = PBXFileReference; lastKnownFileType = folder.assetcatalog; path = Images.xcassets; sourceTree = "<group>"; };
		EAEEA6511A78D9A900AEBEC2 /* Base */ = {isa = PBXFileReference; lastKnownFileType = file.xib; name = Base; path = Base.lproj/LaunchScreen.xib; sourceTree = "<group>"; };
		EAEEA6571A78D9A900AEBEC2 /* PlanTests.xctest */ = {isa = PBXFileReference; explicitFileType = wrapper.cfbundle; includeInIndex = 0; path = PlanTests.xctest; sourceTree = BUILT_PRODUCTS_DIR; };
		EAEEA65C1A78D9A900AEBEC2 /* Info.plist */ = {isa = PBXFileReference; lastKnownFileType = text.plist.xml; path = Info.plist; sourceTree = "<group>"; };
		EAEEA65D1A78D9A900AEBEC2 /* PlanTests.swift */ = {isa = PBXFileReference; lastKnownFileType = sourcecode.swift; path = PlanTests.swift; sourceTree = "<group>"; };
/* End PBXFileReference section */

/* Begin PBXFrameworksBuildPhase section */
		EAEEA63C1A78D9A900AEBEC2 /* Frameworks */ = {
			isa = PBXFrameworksBuildPhase;
			buildActionMask = 2147483647;
			files = (
				EA1C53401A7B653B00B5D30A /* UIKit.framework in Frameworks */,
			);
			runOnlyForDeploymentPostprocessing = 0;
		};
		EAEEA6541A78D9A900AEBEC2 /* Frameworks */ = {
			isa = PBXFrameworksBuildPhase;
			buildActionMask = 2147483647;
			files = (
			);
			runOnlyForDeploymentPostprocessing = 0;
		};
/* End PBXFrameworksBuildPhase section */

/* Begin PBXGroup section */
		EAEEA6361A78D9A900AEBEC2 = {
			isa = PBXGroup;
			children = (
				EA1C533F1A7B653B00B5D30A /* UIKit.framework */,
				EAEEA6411A78D9A900AEBEC2 /* Plan */,
				EAEEA65A1A78D9A900AEBEC2 /* PlanTests */,
				EAEEA6401A78D9A900AEBEC2 /* Products */,
			);
			sourceTree = "<group>";
		};
		EAEEA6401A78D9A900AEBEC2 /* Products */ = {
			isa = PBXGroup;
			children = (
				EAEEA63F1A78D9A900AEBEC2 /* Plan.app */,
				EAEEA6571A78D9A900AEBEC2 /* PlanTests.xctest */,
			);
			name = Products;
			sourceTree = "<group>";
		};
		EAEEA6411A78D9A900AEBEC2 /* Plan */ = {
			isa = PBXGroup;
			children = (
				EA1C53451A7B7F7F00B5D30A /* MainC.swift */,
				EAEEA6441A78D9A900AEBEC2 /* AppDelegate.swift */,
				EAEEA64E1A78D9A900AEBEC2 /* Images.xcassets */,
				EA5D22291A835EA9006A9E0A /* Main.storyboard */,
				EAEEA6501A78D9A900AEBEC2 /* LaunchScreen.xib */,
				EAEEA6461A78D9A900AEBEC2 /* Plan.xcdatamodeld */,
				EAEEA6421A78D9A900AEBEC2 /* Supporting Files */,
				EA1C533D1A7B650400B5D30A /* RootC.swift */,
				EA1C53411A7B766E00B5D30A /* LeftMenuC.swift */,
				EA1C53491A7DE90700B5D30A /* MyNavigationC.swift */,
			);
			path = Plan;
			sourceTree = "<group>";
		};
		EAEEA6421A78D9A900AEBEC2 /* Supporting Files */ = {
			isa = PBXGroup;
			children = (
				EAEEA6431A78D9A900AEBEC2 /* Info.plist */,
			);
			name = "Supporting Files";
			sourceTree = "<group>";
		};
		EAEEA65A1A78D9A900AEBEC2 /* PlanTests */ = {
			isa = PBXGroup;
			children = (
				EAEEA65D1A78D9A900AEBEC2 /* PlanTests.swift */,
				EAEEA65B1A78D9A900AEBEC2 /* Supporting Files */,
			);
			path = PlanTests;
			sourceTree = "<group>";
		};
		EAEEA65B1A78D9A900AEBEC2 /* Supporting Files */ = {
			isa = PBXGroup;
			children = (
				EAEEA65C1A78D9A900AEBEC2 /* Info.plist */,
			);
			name = "Supporting Files";
			sourceTree = "<group>";
		};
/* End PBXGroup section */

/* Begin PBXNativeTarget section */
		EAEEA63E1A78D9A900AEBEC2 /* Plan */ = {
			isa = PBXNativeTarget;
			buildConfigurationList = EAEEA6611A78D9A900AEBEC2 /* Build configuration list for PBXNativeTarget "Plan" */;
			buildPhases = (
				EAEEA63B1A78D9A900AEBEC2 /* Sources */,
				EAEEA63C1A78D9A900AEBEC2 /* Frameworks */,
				EAEEA63D1A78D9A900AEBEC2 /* Resources */,
			);
			buildRules = (
			);
			dependencies = (
			);
			name = Plan;
			productName = Plan;
			productReference = EAEEA63F1A78D9A900AEBEC2 /* Plan.app */;
			productType = "com.apple.product-type.application";
		};
		EAEEA6561A78D9A900AEBEC2 /* PlanTests */ = {
			isa = PBXNativeTarget;
			buildConfigurationList = EAEEA6641A78D9A900AEBEC2 /* Build configuration list for PBXNativeTarget "PlanTests" */;
			buildPhases = (
				EAEEA6531A78D9A900AEBEC2 /* Sources */,
				EAEEA6541A78D9A900AEBEC2 /* Frameworks */,
				EAEEA6551A78D9A900AEBEC2 /* Resources */,
			);
			buildRules = (
			);
			dependencies = (
				EAEEA6591A78D9A900AEBEC2 /* PBXTargetDependency */,
			);
			name = PlanTests;
			productName = PlanTests;
			productReference = EAEEA6571A78D9A900AEBEC2 /* PlanTests.xctest */;
			productType = "com.apple.product-type.bundle.unit-test";
		};
/* End PBXNativeTarget section */

/* Begin PBXProject section */
		EAEEA6371A78D9A900AEBEC2 /* Project object */ = {
			isa = PBXProject;
			attributes = {
				LastUpgradeCheck = 0610;
				ORGANIZATIONNAME = Jesse;
				TargetAttributes = {
					EAEEA63E1A78D9A900AEBEC2 = {
						CreatedOnToolsVersion = 6.1.1;
					};
					EAEEA6561A78D9A900AEBEC2 = {
						CreatedOnToolsVersion = 6.1.1;
						TestTargetID = EAEEA63E1A78D9A900AEBEC2;
					};
				};
			};
			buildConfigurationList = EAEEA63A1A78D9A900AEBEC2 /* Build configuration list for PBXProject "Plan" */;
			compatibilityVersion = "Xcode 3.2";
			developmentRegion = English;
			hasScannedForEncodings = 0;
			knownRegions = (
				en,
				Base,
			);
			mainGroup = EAEEA6361A78D9A900AEBEC2;
			productRefGroup = EAEEA6401A78D9A900AEBEC2 /* Products */;
			projectDirPath = "";
			projectRoot = "";
			targets = (
				EAEEA63E1A78D9A900AEBEC2 /* Plan */,
				EAEEA6561A78D9A900AEBEC2 /* PlanTests */,
			);
		};
/* End PBXProject section */

/* Begin PBXResourcesBuildPhase section */
		EAEEA63D1A78D9A900AEBEC2 /* Resources */ = {
			isa = PBXResourcesBuildPhase;
			buildActionMask = 2147483647;
			files = (
				EA5D222A1A835EA9006A9E0A /* Main.storyboard in Resources */,
				EAEEA6521A78D9A900AEBEC2 /* LaunchScreen.xib in Resources */,
				EAEEA64F1A78D9A900AEBEC2 /* Images.xcassets in Resources */,
			);
			runOnlyForDeploymentPostprocessing = 0;
		};
		EAEEA6551A78D9A900AEBEC2 /* Resources */ = {
			isa = PBXResourcesBuildPhase;
			buildActionMask = 2147483647;
			files = (
			);
			runOnlyForDeploymentPostprocessing = 0;
		};
/* End PBXResourcesBuildPhase section */

/* Begin PBXSourcesBuildPhase section */
		EAEEA63B1A78D9A900AEBEC2 /* Sources */ = {
			isa = PBXSourcesBuildPhase;
			buildActionMask = 2147483647;
			files = (
				EA1C53421A7B766E00B5D30A /* LeftMenuC.swift in Sources */,
				EA1C53461A7B7F7F00B5D30A /* MainC.swift in Sources */,
				EA1C533E1A7B650400B5D30A /* RootC.swift in Sources */,
				EAEEA6481A78D9A900AEBEC2 /* Plan.xcdatamodeld in Sources */,
				EAEEA6451A78D9A900AEBEC2 /* AppDelegate.swift in Sources */,
				EA1C534A1A7DE90700B5D30A /* MyNavigationC.swift in Sources */,
			);
			runOnlyForDeploymentPostprocessing = 0;
		};
		EAEEA6531A78D9A900AEBEC2 /* Sources */ = {
			isa = PBXSourcesBuildPhase;
			buildActionMask = 2147483647;
			files = (
				EAEEA65E1A78D9A900AEBEC2 /* PlanTests.swift in Sources */,
			);
			runOnlyForDeploymentPostprocessing = 0;
		};
/* End PBXSourcesBuildPhase section */

/* Begin PBXTargetDependency section */
		EAEEA6591A78D9A900AEBEC2 /* PBXTargetDependency */ = {
			isa = PBXTargetDependency;
			target = EAEEA63E1A78D9A900AEBEC2 /* Plan */;
			targetProxy = EAEEA6581A78D9A900AEBEC2 /* PBXContainerItemProxy */;
		};
/* End PBXTargetDependency section */

/* Begin PBXVariantGroup section */
		EAEEA6501A78D9A900AEBEC2 /* LaunchScreen.xib */ = {
			isa = PBXVariantGroup;
			children = (
				EAEEA6511A78D9A900AEBEC2 /* Base */,
			);
			name = LaunchScreen.xib;
			sourceTree = "<group>";
		};
/* End PBXVariantGroup section */

/* Begin XCBuildConfiguration section */
		EAEEA65F1A78D9A900AEBEC2 /* Debug */ = {
			isa = XCBuildConfiguration;
			buildSettings = {
				ALWAYS_SEARCH_USER_PATHS = NO;
				CLANG_CXX_LANGUAGE_STANDARD = "gnu++0x";
				CLANG_CXX_LIBRARY = "libc++";
				CLANG_ENABLE_MODULES = YES;
				CLANG_ENABLE_OBJC_ARC = YES;
				CLANG_WARN_BOOL_CONVERSION = YES;
				CLANG_WARN_CONSTANT_CONVERSION = YES;
				CLANG_WARN_DIRECT_OBJC_ISA_USAGE = YES_ERROR;
				CLANG_WARN_EMPTY_BODY = YES;
				CLANG_WARN_ENUM_CONVERSION = YES;
				CLANG_WARN_INT_CONVERSION = YES;
				CLANG_WARN_OBJC_ROOT_CLASS = YES_ERROR;
				CLANG_WARN_UNREACHABLE_CODE = YES;
				CLANG_WARN__DUPLICATE_METHOD_MATCH = YES;
				"CODE_SIGN_IDENTITY[sdk=iphoneos*]" = "iPhone Developer";
				COPY_PHASE_STRIP = NO;
				ENABLE_STRICT_OBJC_MSGSEND = YES;
				GCC_C_LANGUAGE_STANDARD = gnu99;
				GCC_DYNAMIC_NO_PIC = NO;
				GCC_OPTIMIZATION_LEVEL = 0;
				GCC_PREPROCESSOR_DEFINITIONS = (
					"DEBUG=1",
					"$(inherited)",
				);
				GCC_SYMBOLS_PRIVATE_EXTERN = NO;
				GCC_WARN_64_TO_32_BIT_CONVERSION = YES;
				GCC_WARN_ABOUT_RETURN_TYPE = YES_ERROR;
				GCC_WARN_UNDECLARED_SELECTOR = YES;
				GCC_WARN_UNINITIALIZED_AUTOS = YES_AGGRESSIVE;
				GCC_WARN_UNUSED_FUNCTION = YES;
				GCC_WARN_UNUSED_VARIABLE = YES;
				IPHONEOS_DEPLOYMENT_TARGET = 8.1;
				MTL_ENABLE_DEBUG_INFO = YES;
				ONLY_ACTIVE_ARCH = YES;
				SDKROOT = iphoneos;
				SWIFT_OPTIMIZATION_LEVEL = "-Onone";
				TARGETED_DEVICE_FAMILY = "1,2";
			};
			name = Debug;
		};
		EAEEA6601A78D9A900AEBEC2 /* Release */ = {
			isa = XCBuildConfiguration;
			buildSettings = {
				ALWAYS_SEARCH_USER_PATHS = NO;
				CLANG_CXX_LANGUAGE_STANDARD = "gnu++0x";
				CLANG_CXX_LIBRARY = "libc++";
				CLANG_ENABLE_MODULES = YES;
				CLANG_ENABLE_OBJC_ARC = YES;
				CLANG_WARN_BOOL_CONVERSION = YES;
				CLANG_WARN_CONSTANT_CONVERSION = YES;
				CLANG_WARN_DIRECT_OBJC_ISA_USAGE = YES_ERROR;
				CLANG_WARN_EMPTY_BODY = YES;
				CLANG_WARN_ENUM_CONVERSION = YES;
				CLANG_WARN_INT_CONVERSION = YES;
				CLANG_WARN_OBJC_ROOT_CLASS = YES_ERROR;
				CLANG_WARN_UNREACHABLE_CODE = YES;
				CLANG_WARN__DUPLICATE_METHOD_MATCH = YES;
				"CODE_SIGN_IDENTITY[sdk=iphoneos*]" = "iPhone Developer";
				COPY_PHASE_STRIP = YES;
				ENABLE_NS_ASSERTIONS = NO;
				ENABLE_STRICT_OBJC_MSGSEND = YES;
				GCC_C_LANGUAGE_STANDARD = gnu99;
				GCC_WARN_64_TO_32_BIT_CONVERSION = YES;
				GCC_WARN_ABOUT_RETURN_TYPE = YES_ERROR;
				GCC_WARN_UNDECLARED_SELECTOR = YES;
				GCC_WARN_UNINITIALIZED_AUTOS = YES_AGGRESSIVE;
				GCC_WARN_UNUSED_FUNCTION = YES;
				GCC_WARN_UNUSED_VARIABLE = YES;
				IPHONEOS_DEPLOYMENT_TARGET = 8.1;
				MTL_ENABLE_DEBUG_INFO = NO;
				SDKROOT = iphoneos;
				TARGETED_DEVICE_FAMILY = "1,2";
				VALIDATE_PRODUCT = YES;
			};
			name = Release;
		};
		EAEEA6621A78D9A900AEBEC2 /* Debug */ = {
			isa = XCBuildConfiguration;
			buildSettings = {
				ASSETCATALOG_COMPILER_APPICON_NAME = AppIcon;
				INFOPLIST_FILE = Plan/Info.plist;
				LD_RUNPATH_SEARCH_PATHS = "$(inherited) @executable_path/Frameworks";
				PRODUCT_NAME = "$(TARGET_NAME)";
			};
			name = Debug;
		};
		EAEEA6631A78D9A900AEBEC2 /* Release */ = {
			isa = XCBuildConfiguration;
			buildSettings = {
				ASSETCATALOG_COMPILER_APPICON_NAME = AppIcon;
				INFOPLIST_FILE = Plan/Info.plist;
				LD_RUNPATH_SEARCH_PATHS = "$(inherited) @executable_path/Frameworks";
				PRODUCT_NAME = "$(TARGET_NAME)";
			};
			name = Release;
		};
		EAEEA6651A78D9A900AEBEC2 /* Debug */ = {
			isa = XCBuildConfiguration;
			buildSettings = {
				BUNDLE_LOADER = "$(TEST_HOST)";
				FRAMEWORK_SEARCH_PATHS = (
					"$(SDKROOT)/Developer/Library/Frameworks",
					"$(inherited)",
				);
				GCC_PREPROCESSOR_DEFINITIONS = (
					"DEBUG=1",
					"$(inherited)",
				);
				INFOPLIST_FILE = PlanTests/Info.plist;
				LD_RUNPATH_SEARCH_PATHS = "$(inherited) @executable_path/Frameworks @loader_path/Frameworks";
				PRODUCT_NAME = "$(TARGET_NAME)";
				TEST_HOST = "$(BUILT_PRODUCTS_DIR)/Plan.app/Plan";
			};
			name = Debug;
		};
		EAEEA6661A78D9A900AEBEC2 /* Release */ = {
			isa = XCBuildConfiguration;
			buildSettings = {
				BUNDLE_LOADER = "$(TEST_HOST)";
				FRAMEWORK_SEARCH_PATHS = (
					"$(SDKROOT)/Developer/Library/Frameworks",
					"$(inherited)",
				);
				INFOPLIST_FILE = PlanTests/Info.plist;
				LD_RUNPATH_SEARCH_PATHS = "$(inherited) @executable_path/Frameworks @loader_path/Frameworks";
				PRODUCT_NAME = "$(TARGET_NAME)";
				TEST_HOST = "$(BUILT_PRODUCTS_DIR)/Plan.app/Plan";
			};
			name = Release;
		};
/* End XCBuildConfiguration section */

/* Begin XCConfigurationList section */
		EAEEA63A1A78D9A900AEBEC2 /* Build configuration list for PBXProject "Plan" */ = {
			isa = XCConfigurationList;
			buildConfigurations = (
				EAEEA65F1A78D9A900AEBEC2 /* Debug */,
				EAEEA6601A78D9A900AEBEC2 /* Release */,
			);
			defaultConfigurationIsVisible = 0;
			defaultConfigurationName = Release;
		};
		EAEEA6611A78D9A900AEBEC2 /* Build configuration list for PBXNativeTarget "Plan" */ = {
			isa = XCConfigurationList;
			buildConfigurations = (
				EAEEA6621A78D9A900AEBEC2 /* Debug */,
				EAEEA6631A78D9A900AEBEC2 /* Release */,
			);
			defaultConfigurationIsVisible = 0;
			defaultConfigurationName = Release;
		};
		EAEEA6641A78D9A900AEBEC2 /* Build configuration list for PBXNativeTarget "PlanTests" */ = {
			isa = XCConfigurationList;
			buildConfigurations = (
				EAEEA6651A78D9A900AEBEC2 /* Debug */,
				EAEEA6661A78D9A900AEBEC2 /* Release */,
			);
			defaultConfigurationIsVisible = 0;
			defaultConfigurationName = Release;
		};
/* End XCConfigurationList section */

/* Begin XCVersionGroup section */
		EAEEA6461A78D9A900AEBEC2 /* Plan.xcdatamodeld */ = {
			isa = XCVersionGroup;
			children = (
				EAEEA6471A78D9A900AEBEC2 /* Plan.xcdatamodel */,
			);
			currentVersion = EAEEA6471A78D9A900AEBEC2 /* Plan.xcdatamodel */;
			path = Plan.xcdatamodeld;
			sourceTree = "<group>";
			versionGroupType = wrapper.xcdatamodel;
		};
/* End XCVersionGroup section */
	};
	rootObject = EAEEA6371A78D9A900AEBEC2 /* Project object */;
}
